
Microsoft Visual Studio Solution File, Format Version 12.00
# Visual Studio Version 16
VisualStudioVersion = 16.0.31019.35
MinimumVisualStudioVersion = 10.0.40219.1
Project("{9A19103F-16F7-4668-BE54-9A1E7A4F7556}") = "LinqInternals.Demo.Where", "LinqInternals.Demo\LinqInternals.Demo.Where.csproj", "{BE8D6B20-8B80-41B6-95F5-E1EE680281B2}"
EndProject
Project("{9A19103F-16F7-4668-BE54-9A1E7A4F7556}") = "LinqInternals.Demo.Select", "LinqInternals.Demo.Select\LinqInternals.Demo.Select.csproj", "{54ABF6FB-049F-4068-9DA4-4B7C81609501}"
EndProject
Project("{9A19103F-16F7-4668-BE54-9A1E7A4F7556}") = "LinqInternals.Demo.Join", "LinqInternals.Demo.Join\LinqInternals.Demo.Join.csproj", "{EBF146CA-3326-4A42-B6E8-A5C79AD22A77}"
EndProject
Project("{9A19103F-16F7-4668-BE54-9A1E7A4F7556}") = "IDisposable.Demo", "IDisposable.Demo\IDisposable.Demo.csproj", "{E193DA96-BE39-4D3E-B07F-ADC933CF41ED}"
EndProject
Project("{9A19103F-16F7-4668-BE54-9A1E7A4F7556}") = "IEnumerableIQueryable.Demo", "IEnumerableIQueryable.Demo\IEnumerableIQueryable.Demo.csproj", "{EA396BC8-1E59-4FED-A3D6-664E6BA01CD8}"
EndProject
Project("{9A19103F-16F7-4668-BE54-9A1E7A4F7556}") = "Reflection.Demo", "Reflection.Demo\Reflection.Demo.csproj", "{8A262202-CFCA-4077-B7F4-1C484A25C323}"
EndProject
Project("{9A19103F-16F7-4668-BE54-9A1E7A4F7556}") = "PrintAll", "PrintAll\PrintAll.csproj", "{1101C70B-D378-42C7-998A-1CB579B6A113}"
EndProject
Project("{9A19103F-16F7-4668-BE54-9A1E7A4F7556}") = "Config.Demo", "Config.Demo\Config.Demo.csproj", "{31A95804-535A-4443-AA6B-4228C881C1F2}"
EndProject
Project("{9A19103F-16F7-4668-BE54-9A1E7A4F7556}") = "IndexRange.Demo", "IndexRange.Demo\IndexRange.Demo.csproj", "{3D1CB327-ACD6-4386-9772-CF92CA70880E}"
EndProject
Project("{9A19103F-16F7-4668-BE54-9A1E7A4F7556}") = "Lifetime.Demo", "Lifetime.Demo\Lifetime.Demo.csproj", "{EFE71F7B-E8F3-464F-8664-6A7BDC550463}"
EndProject
Project("{9A19103F-16F7-4668-BE54-9A1E7A4F7556}") = "BuilderPattern.Demo", "BuilderPattern.Demo\BuilderPattern.Demo.csproj", "{65774639-8898-4BA2-8751-691A5730A9DD}"
EndProject
Project("{9A19103F-16F7-4668-BE54-9A1E7A4F7556}") = "InMemoryCache.Demo", "InMemoryCache.Demo\InMemoryCache.Demo.csproj", "{24F7AE05-F060-4DCB-9D2B-136F92D66F1C}"
EndProject
Project("{9A19103F-16F7-4668-BE54-9A1E7A4F7556}") = "Middleware.Demo", "Middleware.Demo\Middleware.Demo.csproj", "{EB4DB7F4-5D1C-4FD0-AE50-CDFE94D35B38}"
EndProject
Project("{9A19103F-16F7-4668-BE54-9A1E7A4F7556}") = "Cors.Demo", "Cors.Demo\Cors.Demo.csproj", "{43A15C82-BE30-484A-ABBB-329F1AE2E3E9}"
EndProject
Project("{9A19103F-16F7-4668-BE54-9A1E7A4F7556}") = "Hangfire.Demo", "Hangfire.Demo\Hangfire.Demo.csproj", "{F764D5B6-4E23-4671-9E79-03211178E0A1}"
EndProject
Project("{9A19103F-16F7-4668-BE54-9A1E7A4F7556}") = "PrototypePattern.Demo", "PrototypePattern.Demo\PrototypePattern.Demo.csproj", "{7E6AD929-8C42-47B3-BDE7-31836E2D4EB2}"
EndProject
Project("{FAE04EC0-301F-11D3-BF4B-00C04F79EFBC}") = "SOLID.Demo", "SOLID.Demo\SOLID.Demo.csproj", "{F2E05EEA-7CEA-4A44-AB19-512ACD06D299}"
EndProject
Global
	GlobalSection(SolutionConfigurationPlatforms) = preSolution
		Debug|Any CPU = Debug|Any CPU
		Release|Any CPU = Release|Any CPU
	EndGlobalSection
	GlobalSection(ProjectConfigurationPlatforms) = postSolution
		{BE8D6B20-8B80-41B6-95F5-E1EE680281B2}.Debug|Any CPU.ActiveCfg = Debug|Any CPU
		{BE8D6B20-8B80-41B6-95F5-E1EE680281B2}.Debug|Any CPU.Build.0 = Debug|Any CPU
		{BE8D6B20-8B80-41B6-95F5-E1EE680281B2}.Release|Any CPU.ActiveCfg = Release|Any CPU
		{BE8D6B20-8B80-41B6-95F5-E1EE680281B2}.Release|Any CPU.Build.0 = Release|Any CPU
		{54ABF6FB-049F-4068-9DA4-4B7C81609501}.Debug|Any CPU.ActiveCfg = Debug|Any CPU
		{54ABF6FB-049F-4068-9DA4-4B7C81609501}.Debug|Any CPU.Build.0 = Debug|Any CPU
		{54ABF6FB-049F-4068-9DA4-4B7C81609501}.Release|Any CPU.ActiveCfg = Release|Any CPU
		{54ABF6FB-049F-4068-9DA4-4B7C81609501}.Release|Any CPU.Build.0 = Release|Any CPU
		{EBF146CA-3326-4A42-B6E8-A5C79AD22A77}.Debug|Any CPU.ActiveCfg = Debug|Any CPU
		{EBF146CA-3326-4A42-B6E8-A5C79AD22A77}.Debug|Any CPU.Build.0 = Debug|Any CPU
		{EBF146CA-3326-4A42-B6E8-A5C79AD22A77}.Release|Any CPU.ActiveCfg = Release|Any CPU
		{EBF146CA-3326-4A42-B6E8-A5C79AD22A77}.Release|Any CPU.Build.0 = Release|Any CPU
		{E193DA96-BE39-4D3E-B07F-ADC933CF41ED}.Debug|Any CPU.ActiveCfg = Debug|Any CPU
		{E193DA96-BE39-4D3E-B07F-ADC933CF41ED}.Debug|Any CPU.Build.0 = Debug|Any CPU
		{E193DA96-BE39-4D3E-B07F-ADC933CF41ED}.Release|Any CPU.ActiveCfg = Release|Any CPU
		{E193DA96-BE39-4D3E-B07F-ADC933CF41ED}.Release|Any CPU.Build.0 = Release|Any CPU
		{EA396BC8-1E59-4FED-A3D6-664E6BA01CD8}.Debug|Any CPU.ActiveCfg = Debug|Any CPU
		{EA396BC8-1E59-4FED-A3D6-664E6BA01CD8}.Debug|Any CPU.Build.0 = Debug|Any CPU
		{EA396BC8-1E59-4FED-A3D6-664E6BA01CD8}.Release|Any CPU.ActiveCfg = Release|Any CPU
		{EA396BC8-1E59-4FED-A3D6-664E6BA01CD8}.Release|Any CPU.Build.0 = Release|Any CPU
		{8A262202-CFCA-4077-B7F4-1C484A25C323}.Debug|Any CPU.ActiveCfg = Debug|Any CPU
		{8A262202-CFCA-4077-B7F4-1C484A25C323}.Debug|Any CPU.Build.0 = Debug|Any CPU
		{8A262202-CFCA-4077-B7F4-1C484A25C323}.Release|Any CPU.ActiveCfg = Release|Any CPU
		{8A262202-CFCA-4077-B7F4-1C484A25C323}.Release|Any CPU.Build.0 = Release|Any CPU
		{1101C70B-D378-42C7-998A-1CB579B6A113}.Debug|Any CPU.ActiveCfg = Debug|Any CPU
		{1101C70B-D378-42C7-998A-1CB579B6A113}.Debug|Any CPU.Build.0 = Debug|Any CPU
		{1101C70B-D378-42C7-998A-1CB579B6A113}.Release|Any CPU.ActiveCfg = Release|Any CPU
		{1101C70B-D378-42C7-998A-1CB579B6A113}.Release|Any CPU.Build.0 = Release|Any CPU
		{31A95804-535A-4443-AA6B-4228C881C1F2}.Debug|Any CPU.ActiveCfg = Debug|Any CPU
		{31A95804-535A-4443-AA6B-4228C881C1F2}.Debug|Any CPU.Build.0 = Debug|Any CPU
		{31A95804-535A-4443-AA6B-4228C881C1F2}.Release|Any CPU.ActiveCfg = Release|Any CPU
		{31A95804-535A-4443-AA6B-4228C881C1F2}.Release|Any CPU.Build.0 = Release|Any CPU
		{3D1CB327-ACD6-4386-9772-CF92CA70880E}.Debug|Any CPU.ActiveCfg = Debug|Any CPU
		{3D1CB327-ACD6-4386-9772-CF92CA70880E}.Debug|Any CPU.Build.0 = Debug|Any CPU
		{3D1CB327-ACD6-4386-9772-CF92CA70880E}.Release|Any CPU.ActiveCfg = Release|Any CPU
		{3D1CB327-ACD6-4386-9772-CF92CA70880E}.Release|Any CPU.Build.0 = Release|Any CPU
		{EFE71F7B-E8F3-464F-8664-6A7BDC550463}.Debug|Any CPU.ActiveCfg = Debug|Any CPU
		{EFE71F7B-E8F3-464F-8664-6A7BDC550463}.Debug|Any CPU.Build.0 = Debug|Any CPU
		{EFE71F7B-E8F3-464F-8664-6A7BDC550463}.Release|Any CPU.ActiveCfg = Release|Any CPU
		{EFE71F7B-E8F3-464F-8664-6A7BDC550463}.Release|Any CPU.Build.0 = Release|Any CPU
		{65774639-8898-4BA2-8751-691A5730A9DD}.Debug|Any CPU.ActiveCfg = Debug|Any CPU
		{65774639-8898-4BA2-8751-691A5730A9DD}.Debug|Any CPU.Build.0 = Debug|Any CPU
		{65774639-8898-4BA2-8751-691A5730A9DD}.Release|Any CPU.ActiveCfg = Release|Any CPU
		{65774639-8898-4BA2-8751-691A5730A9DD}.Release|Any CPU.Build.0 = Release|Any CPU
		{24F7AE05-F060-4DCB-9D2B-136F92D66F1C}.Debug|Any CPU.ActiveCfg = Debug|Any CPU
		{24F7AE05-F060-4DCB-9D2B-136F92D66F1C}.Debug|Any CPU.Build.0 = Debug|Any CPU
		{24F7AE05-F060-4DCB-9D2B-136F92D66F1C}.Release|Any CPU.ActiveCfg = Release|Any CPU
		{24F7AE05-F060-4DCB-9D2B-136F92D66F1C}.Release|Any CPU.Build.0 = Release|Any CPU
		{EB4DB7F4-5D1C-4FD0-AE50-CDFE94D35B38}.Debug|Any CPU.ActiveCfg = Debug|Any CPU
		{EB4DB7F4-5D1C-4FD0-AE50-CDFE94D35B38}.Debug|Any CPU.Build.0 = Debug|Any CPU
		{EB4DB7F4-5D1C-4FD0-AE50-CDFE94D35B38}.Release|Any CPU.ActiveCfg = Release|Any CPU
		{EB4DB7F4-5D1C-4FD0-AE50-CDFE94D35B38}.Release|Any CPU.Build.0 = Release|Any CPU
		{43A15C82-BE30-484A-ABBB-329F1AE2E3E9}.Debug|Any CPU.ActiveCfg = Debug|Any CPU
		{43A15C82-BE30-484A-ABBB-329F1AE2E3E9}.Debug|Any CPU.Build.0 = Debug|Any CPU
		{43A15C82-BE30-484A-ABBB-329F1AE2E3E9}.Release|Any CPU.ActiveCfg = Release|Any CPU
		{43A15C82-BE30-484A-ABBB-329F1AE2E3E9}.Release|Any CPU.Build.0 = Release|Any CPU
		{F764D5B6-4E23-4671-9E79-03211178E0A1}.Debug|Any CPU.ActiveCfg = Debug|Any CPU
		{F764D5B6-4E23-4671-9E79-03211178E0A1}.Debug|Any CPU.Build.0 = Debug|Any CPU
		{F764D5B6-4E23-4671-9E79-03211178E0A1}.Release|Any CPU.ActiveCfg = Release|Any CPU
		{F764D5B6-4E23-4671-9E79-03211178E0A1}.Release|Any CPU.Build.0 = Release|Any CPU
		{7E6AD929-8C42-47B3-BDE7-31836E2D4EB2}.Debug|Any CPU.ActiveCfg = Debug|Any CPU
		{7E6AD929-8C42-47B3-BDE7-31836E2D4EB2}.Debug|Any CPU.Build.0 = Debug|Any CPU
		{7E6AD929-8C42-47B3-BDE7-31836E2D4EB2}.Release|Any CPU.ActiveCfg = Release|Any CPU
		{7E6AD929-8C42-47B3-BDE7-31836E2D4EB2}.Release|Any CPU.Build.0 = Release|Any CPU
		{F2E05EEA-7CEA-4A44-AB19-512ACD06D299}.Debug|Any CPU.ActiveCfg = Debug|Any CPU
		{F2E05EEA-7CEA-4A44-AB19-512ACD06D299}.Debug|Any CPU.Build.0 = Debug|Any CPU
		{F2E05EEA-7CEA-4A44-AB19-512ACD06D299}.Release|Any CPU.ActiveCfg = Release|Any CPU
		{F2E05EEA-7CEA-4A44-AB19-512ACD06D299}.Release|Any CPU.Build.0 = Release|Any CPU
	EndGlobalSection
	GlobalSection(SolutionProperties) = preSolution
		HideSolutionNode = FALSE
	EndGlobalSection
	GlobalSection(ExtensibilityGlobals) = postSolution
		SolutionGuid = {EE849402-8985-4F79-8317-18BAEAA26717}
	EndGlobalSection
EndGlobal
